
Microsoft Visual Studio Solution File, Format Version 12.00
# Visual Studio Version 17
VisualStudioVersion = 17.10.35122.118
MinimumVisualStudioVersion = 10.0.40219.1
Project("{FAE04EC0-301F-11D3-BF4B-00C04F79EFBC}") = "OOP5", "OOP5\OOP5.csproj", "{372FAEDD-CD66-4FB7-8205-8209720E68C0}"
EndProject
Global
	GlobalSection(SolutionConfigurationPlatforms) = preSolution
		Debug|Any CPU = Debug|Any CPU
		Release|Any CPU = Release|Any CPU
	EndGlobalSection
	GlobalSection(ProjectConfigurationPlatforms) = postSolution
		{372FAEDD-CD66-4FB7-8205-8209720E68C0}.Debug|Any CPU.ActiveCfg = Debug|Any CPU
		{372FAEDD-CD66-4FB7-8205-8209720E68C0}.Debug|Any CPU.Build.0 = Debug|Any CPU
		{372FAEDD-CD66-4FB7-8205-8209720E68C0}.Release|Any CPU.ActiveCfg = Release|Any CPU
		{372FAEDD-CD66-4FB7-8205-8209720E68C0}.Release|Any CPU.Build.0 = Release|Any CPU
	EndGlobalSection
	GlobalSection(SolutionProperties) = preSolution
		HideSolutionNode = FALSE
	EndGlobalSection
	GlobalSection(ExtensibilityGlobals) = postSolution
		SolutionGuid = {219D09B4-70F2-4689-BACB-53DD059D790D}
	EndGlobalSection
EndGlobal
